PODS:
  - alarm (0.0.1):
    - Flutter
  - Flutter (1.0.0)
  - flutter_autostart (0.0.1):
    - Flutter
  - flutter_fgbg (0.0.1):
    - Flutter
  - permission_handler_apple (9.3.0):
    - Flutter
  - restart_app (0.0.1):
    - Flutter

DEPENDENCIES:
  - alarm (from `.symlinks/plugins/alarm/ios`)
  - Flutter (from `Flutter`)
  - flutter_autostart (from `.symlinks/plugins/flutter_autostart/ios`)
  - flutter_fgbg (from `.symlinks/plugins/flutter_fgbg/ios`)
  - permission_handler_apple (from `.symlinks/plugins/permission_handler_apple/ios`)
  - restart_app (from `.symlinks/plugins/restart_app/ios`)

EXTERNAL SOURCES:
  alarm:
    :path: ".symlinks/plugins/alarm/ios"
  Flutter:
    :path: Flutter
  flutter_autostart:
    :path: ".symlinks/plugins/flutter_autostart/ios"
  flutter_fgbg:
    :path: ".symlinks/plugins/flutter_fgbg/ios"
  permission_handler_apple:
    :path: ".symlinks/plugins/permission_handler_apple/ios"
  restart_app:
    :path: ".symlinks/plugins/restart_app/ios"

SPEC CHECKSUMS:
  alarm: fbab5e1f7ebfc24011477cdedc8bd2388dff32b9
  Flutter: cabc95a1d2626b1b06e7179b784ebcf0c0cde467
  flutter_autostart: 79ab861a8d0e8e3cd059b13e0aaab2ef8980920c
  flutter_fgbg: 31c0d1140a131daea2d342121808f6aa0dcd879d
  permission_handler_apple: 9878588469a2b0d0fc1e048d9f43605f92e6cec2
  restart_app: 806659942bf932f6ce51c5372f91ce5e81c8c14a

PODFILE CHECKSUM: a57f30d18f102dd3ce366b1d62a55ecbef2158e5

COCOAPODS: 1.16.2
